
Microsoft Visual Studio Solution File, Format Version 12.00
# Visual Studio Version 17
VisualStudioVersion = 17.4.33122.133
MinimumVisualStudioVersion = 10.0.40219.1
Project("{FAE04EC0-301F-11D3-BF4B-00C04F79EFBC}") = "Laborator 1", "Laborator 1\Laborator 1.csproj", "{5A49200E-B652-403C-B179-59FE76A2AEE2}"
EndProject
Global
	GlobalSection(SolutionConfigurationPlatforms) = preSolution
		Debug|Any CPU = Debug|Any CPU
		Release|Any CPU = Release|Any CPU
	EndGlobalSection
	GlobalSection(ProjectConfigurationPlatforms) = postSolution
		{5A49200E-B652-403C-B179-59FE76A2AEE2}.Debug|Any CPU.ActiveCfg = Debug|Any CPU
		{5A49200E-B652-403C-B179-59FE76A2AEE2}.Debug|Any CPU.Build.0 = Debug|Any CPU
		{5A49200E-B652-403C-B179-59FE76A2AEE2}.Release|Any CPU.ActiveCfg = Release|Any CPU
		{5A49200E-B652-403C-B179-59FE76A2AEE2}.Release|Any CPU.Build.0 = Release|Any CPU
	EndGlobalSection
	GlobalSection(SolutionProperties) = preSolution
		HideSolutionNode = FALSE
	EndGlobalSection
	GlobalSection(ExtensibilityGlobals) = postSolution
		SolutionGuid = {6325A3DA-EB20-4C33-9BF0-D37D663A0658}
	EndGlobalSection
EndGlobal
